
Microsoft Visual Studio Solution File, Format Version 12.00
# Visual Studio Version 17
VisualStudioVersion = 17.0.31903.59
MinimumVisualStudioVersion = 10.0.40219.1
Project("{FAE04EC0-301F-11D3-BF4B-00C04F79EFBC}") = "Console", "Console\Console.csproj", "{9A27451A-D0AC-49BE-8888-EF0C46C8CD0D}"
EndProject
Project("{FAE04EC0-301F-11D3-BF4B-00C04F79EFBC}") = "WebApi", "WebApi\WebApi.csproj", "{22D95A93-4A80-49F6-B6A6-51495C6DA0D9}"
EndProject
Project("{FAE04EC0-301F-11D3-BF4B-00C04F79EFBC}") = "ClassLib", "ClassLib\ClassLib.csproj", "{5472F607-904C-4D72-91B3-C010666F4F0C}"
EndProject
Global
	GlobalSection(SolutionConfigurationPlatforms) = preSolution
		Debug|Any CPU = Debug|Any CPU
		Release|Any CPU = Release|Any CPU
	EndGlobalSection
	GlobalSection(SolutionProperties) = preSolution
		HideSolutionNode = FALSE
	EndGlobalSection
	GlobalSection(ProjectConfigurationPlatforms) = postSolution
		{9A27451A-D0AC-49BE-8888-EF0C46C8CD0D}.Debug|Any CPU.ActiveCfg = Debug|Any CPU
		{9A27451A-D0AC-49BE-8888-EF0C46C8CD0D}.Debug|Any CPU.Build.0 = Debug|Any CPU
		{9A27451A-D0AC-49BE-8888-EF0C46C8CD0D}.Release|Any CPU.ActiveCfg = Release|Any CPU
		{9A27451A-D0AC-49BE-8888-EF0C46C8CD0D}.Release|Any CPU.Build.0 = Release|Any CPU
		{22D95A93-4A80-49F6-B6A6-51495C6DA0D9}.Debug|Any CPU.ActiveCfg = Debug|Any CPU
		{22D95A93-4A80-49F6-B6A6-51495C6DA0D9}.Debug|Any CPU.Build.0 = Debug|Any CPU
		{22D95A93-4A80-49F6-B6A6-51495C6DA0D9}.Release|Any CPU.ActiveCfg = Release|Any CPU
		{22D95A93-4A80-49F6-B6A6-51495C6DA0D9}.Release|Any CPU.Build.0 = Release|Any CPU
		{5472F607-904C-4D72-91B3-C010666F4F0C}.Debug|Any CPU.ActiveCfg = Debug|Any CPU
		{5472F607-904C-4D72-91B3-C010666F4F0C}.Debug|Any CPU.Build.0 = Debug|Any CPU
		{5472F607-904C-4D72-91B3-C010666F4F0C}.Release|Any CPU.ActiveCfg = Release|Any CPU
		{5472F607-904C-4D72-91B3-C010666F4F0C}.Release|Any CPU.Build.0 = Release|Any CPU
	EndGlobalSection
EndGlobal
